
Microsoft Visual Studio Solution File, Format Version 12.00
# Visual Studio Version 16
VisualStudioVersion = 16.0.33130.400
MinimumVisualStudioVersion = 10.0.40219.1
Project("{8BC9CEB8-8B4A-11D0-8D11-00A0C91BC942}") = "UnsortedListA_SP23", "UnsortedListA_SP23\UnsortedListA_SP23.vcxproj", "{E563B920-95D8-4E0F-B860-EC0D89495436}"
EndProject
Global
	GlobalSection(SolutionConfigurationPlatforms) = preSolution
		Debug|x64 = Debug|x64
		Debug|x86 = Debug|x86
		Release|x64 = Release|x64
		Release|x86 = Release|x86
	EndGlobalSection
	GlobalSection(ProjectConfigurationPlatforms) = postSolution
		{E563B920-95D8-4E0F-B860-EC0D89495436}.Debug|x64.ActiveCfg = Debug|x64
		{E563B920-95D8-4E0F-B860-EC0D89495436}.Debug|x64.Build.0 = Debug|x64
		{E563B920-95D8-4E0F-B860-EC0D89495436}.Debug|x86.ActiveCfg = Debug|Win32
		{E563B920-95D8-4E0F-B860-EC0D89495436}.Debug|x86.Build.0 = Debug|Win32
		{E563B920-95D8-4E0F-B860-EC0D89495436}.Release|x64.ActiveCfg = Release|x64
		{E563B920-95D8-4E0F-B860-EC0D89495436}.Release|x64.Build.0 = Release|x64
		{E563B920-95D8-4E0F-B860-EC0D89495436}.Release|x86.ActiveCfg = Release|Win32
		{E563B920-95D8-4E0F-B860-EC0D89495436}.Release|x86.Build.0 = Release|Win32
	EndGlobalSection
	GlobalSection(SolutionProperties) = preSolution
		HideSolutionNode = FALSE
	EndGlobalSection
	GlobalSection(ExtensibilityGlobals) = postSolution
		SolutionGuid = {555D6F0F-F57A-4C05-B75E-CC252461032C}
	EndGlobalSection
EndGlobal
